
Microsoft Visual Studio Solution File, Format Version 12.00
# Visual Studio Version 16
VisualStudioVersion = 16.0.30330.147
MinimumVisualStudioVersion = 10.0.40219.1
Project("{9A19103F-16F7-4668-BE54-9A1E7A4F7556}") = "Logger", "Logger\Logger.csproj", "{60706388-18FC-44B5-9CA2-B82C78087717}"
EndProject
Project("{9A19103F-16F7-4668-BE54-9A1E7A4F7556}") = "Tests", "LoggerTests\Tests.csproj", "{C0AC69C9-5031-44D3-9A1B-5D0313C04C3E}"
EndProject
Global
	GlobalSection(SolutionConfigurationPlatforms) = preSolution
		Debug|Any CPU = Debug|Any CPU
		Release|Any CPU = Release|Any CPU
	EndGlobalSection
	GlobalSection(ProjectConfigurationPlatforms) = postSolution
		{60706388-18FC-44B5-9CA2-B82C78087717}.Debug|Any CPU.ActiveCfg = Debug|Any CPU
		{60706388-18FC-44B5-9CA2-B82C78087717}.Debug|Any CPU.Build.0 = Debug|Any CPU
		{60706388-18FC-44B5-9CA2-B82C78087717}.Release|Any CPU.ActiveCfg = Release|Any CPU
		{60706388-18FC-44B5-9CA2-B82C78087717}.Release|Any CPU.Build.0 = Release|Any CPU
		{C0AC69C9-5031-44D3-9A1B-5D0313C04C3E}.Debug|Any CPU.ActiveCfg = Debug|Any CPU
		{C0AC69C9-5031-44D3-9A1B-5D0313C04C3E}.Debug|Any CPU.Build.0 = Debug|Any CPU
		{C0AC69C9-5031-44D3-9A1B-5D0313C04C3E}.Release|Any CPU.ActiveCfg = Release|Any CPU
		{C0AC69C9-5031-44D3-9A1B-5D0313C04C3E}.Release|Any CPU.Build.0 = Release|Any CPU
	EndGlobalSection
	GlobalSection(SolutionProperties) = preSolution
		HideSolutionNode = FALSE
	EndGlobalSection
	GlobalSection(ExtensibilityGlobals) = postSolution
		SolutionGuid = {246F34F7-AD0E-4B94-9E6B-76E7890C4078}
	EndGlobalSection
EndGlobal
